
Microsoft Visual Studio Solution File, Format Version 12.00
# Visual Studio 15
VisualStudioVersion = 15.0.28307.1259
MinimumVisualStudioVersion = 10.0.40219.1
Project("{FAE04EC0-301F-11D3-BF4B-00C04F79EFBC}") = "ServerConfigRest_062_Annisa Dian Amarta", "ServerConfigRest_062_Annisa Dian Amarta\ServerConfigRest_062_Annisa Dian Amarta.csproj", "{091B60C1-3066-467E-BDDC-1E52385A84D4}"
EndProject
Global
	GlobalSection(SolutionConfigurationPlatforms) = preSolution
		Debug|Any CPU = Debug|Any CPU
		Release|Any CPU = Release|Any CPU
	EndGlobalSection
	GlobalSection(ProjectConfigurationPlatforms) = postSolution
		{091B60C1-3066-467E-BDDC-1E52385A84D4}.Debug|Any CPU.ActiveCfg = Debug|Any CPU
		{091B60C1-3066-467E-BDDC-1E52385A84D4}.Debug|Any CPU.Build.0 = Debug|Any CPU
		{091B60C1-3066-467E-BDDC-1E52385A84D4}.Release|Any CPU.ActiveCfg = Release|Any CPU
		{091B60C1-3066-467E-BDDC-1E52385A84D4}.Release|Any CPU.Build.0 = Release|Any CPU
	EndGlobalSection
	GlobalSection(SolutionProperties) = preSolution
		HideSolutionNode = FALSE
	EndGlobalSection
	GlobalSection(ExtensibilityGlobals) = postSolution
		SolutionGuid = {8AA905BD-4E46-4770-85C9-25D9D72EDE02}
	EndGlobalSection
EndGlobal
